
Microsoft Visual Studio Solution File, Format Version 12.00
# Visual Studio Version 17
VisualStudioVersion = 17.5.33516.290
MinimumVisualStudioVersion = 10.0.40219.1
Project("{FAE04EC0-301F-11D3-BF4B-00C04F79EFBC}") = "MiPortafolio.API", "MiPortafolio.API\MiPortafolio.API.csproj", "{F7063C3E-0827-465B-9007-309041F7AFE9}"
EndProject
Project("{FAE04EC0-301F-11D3-BF4B-00C04F79EFBC}") = "MiPortafolio.BL", "MiPortafolio.BL\MiPortafolio.BL.csproj", "{A25A8F0A-9E2F-40C4-B121-315353C206EC}"
EndProject
Project("{FAE04EC0-301F-11D3-BF4B-00C04F79EFBC}") = "MiPortafolio.DAL", "MiPortafolio.DAL\MiPortafolio.DAL.csproj", "{17882D0C-800D-4E54-BBA5-7DE1BFEFD47C}"
EndProject
Project("{FAE04EC0-301F-11D3-BF4B-00C04F79EFBC}") = "MiPortafolio.ENT", "MiPortafolio.ENT\MiPortafolio.ENT.csproj", "{E091A878-C3DA-44ED-93F4-07B1D3905DB1}"
EndProject
Project("{FAE04EC0-301F-11D3-BF4B-00C04F79EFBC}") = "MiPortafolio.SHARED", "MiPortafolio.SHARED\MiPortafolio.SHARED.csproj", "{461672D8-E7C2-4B74-91B3-56132386AF84}"
EndProject
Global
	GlobalSection(SolutionConfigurationPlatforms) = preSolution
		Debug|Any CPU = Debug|Any CPU
		Release|Any CPU = Release|Any CPU
	EndGlobalSection
	GlobalSection(ProjectConfigurationPlatforms) = postSolution
		{F7063C3E-0827-465B-9007-309041F7AFE9}.Debug|Any CPU.ActiveCfg = Debug|Any CPU
		{F7063C3E-0827-465B-9007-309041F7AFE9}.Debug|Any CPU.Build.0 = Debug|Any CPU
		{F7063C3E-0827-465B-9007-309041F7AFE9}.Release|Any CPU.ActiveCfg = Release|Any CPU
		{F7063C3E-0827-465B-9007-309041F7AFE9}.Release|Any CPU.Build.0 = Release|Any CPU
		{A25A8F0A-9E2F-40C4-B121-315353C206EC}.Debug|Any CPU.ActiveCfg = Debug|Any CPU
		{A25A8F0A-9E2F-40C4-B121-315353C206EC}.Debug|Any CPU.Build.0 = Debug|Any CPU
		{A25A8F0A-9E2F-40C4-B121-315353C206EC}.Release|Any CPU.ActiveCfg = Release|Any CPU
		{A25A8F0A-9E2F-40C4-B121-315353C206EC}.Release|Any CPU.Build.0 = Release|Any CPU
		{17882D0C-800D-4E54-BBA5-7DE1BFEFD47C}.Debug|Any CPU.ActiveCfg = Debug|Any CPU
		{17882D0C-800D-4E54-BBA5-7DE1BFEFD47C}.Debug|Any CPU.Build.0 = Debug|Any CPU
		{17882D0C-800D-4E54-BBA5-7DE1BFEFD47C}.Release|Any CPU.ActiveCfg = Release|Any CPU
		{17882D0C-800D-4E54-BBA5-7DE1BFEFD47C}.Release|Any CPU.Build.0 = Release|Any CPU
		{E091A878-C3DA-44ED-93F4-07B1D3905DB1}.Debug|Any CPU.ActiveCfg = Debug|Any CPU
		{E091A878-C3DA-44ED-93F4-07B1D3905DB1}.Debug|Any CPU.Build.0 = Debug|Any CPU
		{E091A878-C3DA-44ED-93F4-07B1D3905DB1}.Release|Any CPU.ActiveCfg = Release|Any CPU
		{E091A878-C3DA-44ED-93F4-07B1D3905DB1}.Release|Any CPU.Build.0 = Release|Any CPU
		{461672D8-E7C2-4B74-91B3-56132386AF84}.Debug|Any CPU.ActiveCfg = Debug|Any CPU
		{461672D8-E7C2-4B74-91B3-56132386AF84}.Debug|Any CPU.Build.0 = Debug|Any CPU
		{461672D8-E7C2-4B74-91B3-56132386AF84}.Release|Any CPU.ActiveCfg = Release|Any CPU
		{461672D8-E7C2-4B74-91B3-56132386AF84}.Release|Any CPU.Build.0 = Release|Any CPU
	EndGlobalSection
	GlobalSection(SolutionProperties) = preSolution
		HideSolutionNode = FALSE
	EndGlobalSection
	GlobalSection(ExtensibilityGlobals) = postSolution
		SolutionGuid = {989AB9E3-B6B9-40A7-A9A7-0D8C120F75FF}
	EndGlobalSection
EndGlobal
